// !$*UTF8*$!
{
	archiveVersion = 1;
	classes = {
	};
	objectVersion = 56;
	objects = {

/* Begin PBXBuildFile section */
		0A0BA76E2BD93F4000FEFE95 /* homework_img_lyApp.swift in Sources */ = {isa = PBXBuildFile; fileRef = 0A0BA76D2BD93F4000FEFE95 /* homework_img_lyApp.swift */; };
		0A0BA7702BD93F4000FEFE95 /* HomeView.swift in Sources */ = {isa = PBXBuildFile; fileRef = 0A0BA76F2BD93F4000FEFE95 /* HomeView.swift */; };
		0A0BA7722BD93F4100FEFE95 /* Assets.xcassets in Resources */ = {isa = PBXBuildFile; fileRef = 0A0BA7712BD93F4100FEFE95 /* Assets.xcassets */; };
		0A0BA7752BD93F4100FEFE95 /* Preview Assets.xcassets in Resources */ = {isa = PBXBuildFile; fileRef = 0A0BA7742BD93F4100FEFE95 /* Preview Assets.xcassets */; };
		0A0BA7892BD940C800FEFE95 /* Tests.swift in Sources */ = {isa = PBXBuildFile; fileRef = 0A0BA7882BD940C800FEFE95 /* Tests.swift */; };
		0A0BA7902BD9416500FEFE95 /* KHMainEntry.swift in Sources */ = {isa = PBXBuildFile; fileRef = 0A0BA78F2BD9416500FEFE95 /* KHMainEntry.swift */; };
		0A0BA7922BD9418000FEFE95 /* KHDetailsEntry.swift in Sources */ = {isa = PBXBuildFile; fileRef = 0A0BA7912BD9418000FEFE95 /* KHDetailsEntry.swift */; };
		0A0BA7942BD9419A00FEFE95 /* KHContentManager.swift in Sources */ = {isa = PBXBuildFile; fileRef = 0A0BA7932BD9419A00FEFE95 /* KHContentManager.swift */; };
		0A0BA7972BD942F500FEFE95 /* KHNetworkMonitor.swift in Sources */ = {isa = PBXBuildFile; fileRef = 0A0BA7962BD942F500FEFE95 /* KHNetworkMonitor.swift */; };
		0A0BA7982BD942F500FEFE95 /* KHNetworkMonitor.swift in Sources */ = {isa = PBXBuildFile; fileRef = 0A0BA7962BD942F500FEFE95 /* KHNetworkMonitor.swift */; };
		0A0BA79B2BD9463E00FEFE95 /* tree.json in Resources */ = {isa = PBXBuildFile; fileRef = 0A0BA79A2BD9463E00FEFE95 /* tree.json */; };
		0A0BA79C2BD9463E00FEFE95 /* tree.json in Resources */ = {isa = PBXBuildFile; fileRef = 0A0BA79A2BD9463E00FEFE95 /* tree.json */; };
		0A0BA79E2BD9465700FEFE95 /* details.json in Resources */ = {isa = PBXBuildFile; fileRef = 0A0BA79D2BD9465700FEFE95 /* details.json */; };
		0A0BA79F2BD9465700FEFE95 /* details.json in Resources */ = {isa = PBXBuildFile; fileRef = 0A0BA79D2BD9465700FEFE95 /* details.json */; };
		0A0BA7A62BD9472D00FEFE95 /* KHViewHelper.swift in Sources */ = {isa = PBXBuildFile; fileRef = 0A0BA7A52BD9472D00FEFE95 /* KHViewHelper.swift */; };
		0A0BA7A72BD9472D00FEFE95 /* KHViewHelper.swift in Sources */ = {isa = PBXBuildFile; fileRef = 0A0BA7A52BD9472D00FEFE95 /* KHViewHelper.swift */; };
		0A0BA7AA2BD9473900FEFE95 /* KHSeparatorConfig.swift in Sources */ = {isa = PBXBuildFile; fileRef = 0A0BA7A82BD9473900FEFE95 /* KHSeparatorConfig.swift */; };
		0A0BA7AB2BD9473900FEFE95 /* KHSeparatorConfig.swift in Sources */ = {isa = PBXBuildFile; fileRef = 0A0BA7A82BD9473900FEFE95 /* KHSeparatorConfig.swift */; };
		0A0BA7AC2BD9473900FEFE95 /* KHShadowConfig.swift in Sources */ = {isa = PBXBuildFile; fileRef = 0A0BA7A92BD9473900FEFE95 /* KHShadowConfig.swift */; };
		0A0BA7AD2BD9473900FEFE95 /* KHShadowConfig.swift in Sources */ = {isa = PBXBuildFile; fileRef = 0A0BA7A92BD9473900FEFE95 /* KHShadowConfig.swift */; };
		0A0BA7B32BD9474B00FEFE95 /* KHConfig_Protocol.swift in Sources */ = {isa = PBXBuildFile; fileRef = 0A0BA7AE2BD9474B00FEFE95 /* KHConfig_Protocol.swift */; };
		0A0BA7B42BD9474B00FEFE95 /* KHConfig_Protocol.swift in Sources */ = {isa = PBXBuildFile; fileRef = 0A0BA7AE2BD9474B00FEFE95 /* KHConfig_Protocol.swift */; };
		0A0BA7B52BD9474B00FEFE95 /* KHLayout_Listener.swift in Sources */ = {isa = PBXBuildFile; fileRef = 0A0BA7AF2BD9474B00FEFE95 /* KHLayout_Listener.swift */; };
		0A0BA7B62BD9474B00FEFE95 /* KHLayout_Listener.swift in Sources */ = {isa = PBXBuildFile; fileRef = 0A0BA7AF2BD9474B00FEFE95 /* KHLayout_Listener.swift */; };
		0A0BA7B72BD9474B00FEFE95 /* KHView_Editable.swift in Sources */ = {isa = PBXBuildFile; fileRef = 0A0BA7B02BD9474B00FEFE95 /* KHView_Editable.swift */; };
		0A0BA7B82BD9474B00FEFE95 /* KHView_Editable.swift in Sources */ = {isa = PBXBuildFile; fileRef = 0A0BA7B02BD9474B00FEFE95 /* KHView_Editable.swift */; };
		0A0BA7B92BD9474B00FEFE95 /* KHColor_Sensitive.swift in Sources */ = {isa = PBXBuildFile; fileRef = 0A0BA7B12BD9474B00FEFE95 /* KHColor_Sensitive.swift */; };
		0A0BA7BA2BD9474B00FEFE95 /* KHColor_Sensitive.swift in Sources */ = {isa = PBXBuildFile; fileRef = 0A0BA7B12BD9474B00FEFE95 /* KHColor_Sensitive.swift */; };
		0A0BA7BB2BD9474B00FEFE95 /* KHTheme_Sensitive.swift in Sources */ = {isa = PBXBuildFile; fileRef = 0A0BA7B22BD9474B00FEFE95 /* KHTheme_Sensitive.swift */; };
		0A0BA7BC2BD9474B00FEFE95 /* KHTheme_Sensitive.swift in Sources */ = {isa = PBXBuildFile; fileRef = 0A0BA7B22BD9474B00FEFE95 /* KHTheme_Sensitive.swift */; };
		0A0BA7C12BD9475600FEFE95 /* UIView+Geometry.swift in Sources */ = {isa = PBXBuildFile; fileRef = 0A0BA7BD2BD9475600FEFE95 /* UIView+Geometry.swift */; };
		0A0BA7C22BD9475600FEFE95 /* UIView+Geometry.swift in Sources */ = {isa = PBXBuildFile; fileRef = 0A0BA7BD2BD9475600FEFE95 /* UIView+Geometry.swift */; };
		0A0BA7C32BD9475600FEFE95 /* UIView+Layout.swift in Sources */ = {isa = PBXBuildFile; fileRef = 0A0BA7BE2BD9475600FEFE95 /* UIView+Layout.swift */; };
		0A0BA7C42BD9475600FEFE95 /* UIView+Layout.swift in Sources */ = {isa = PBXBuildFile; fileRef = 0A0BA7BE2BD9475600FEFE95 /* UIView+Layout.swift */; };
		0A0BA7C52BD9475600FEFE95 /* KHColor+Basic.swift in Sources */ = {isa = PBXBuildFile; fileRef = 0A0BA7BF2BD9475600FEFE95 /* KHColor+Basic.swift */; };
		0A0BA7C62BD9475600FEFE95 /* KHColor+Basic.swift in Sources */ = {isa = PBXBuildFile; fileRef = 0A0BA7BF2BD9475600FEFE95 /* KHColor+Basic.swift */; };
		0A0BA7C72BD9475600FEFE95 /* KHGeometry.swift in Sources */ = {isa = PBXBuildFile; fileRef = 0A0BA7C02BD9475600FEFE95 /* KHGeometry.swift */; };
		0A0BA7C82BD9475600FEFE95 /* KHGeometry.swift in Sources */ = {isa = PBXBuildFile; fileRef = 0A0BA7C02BD9475600FEFE95 /* KHGeometry.swift */; };
		0A0BA7CC2BD9476C00FEFE95 /* KHGroupView.swift in Sources */ = {isa = PBXBuildFile; fileRef = 0A0BA7C92BD9476C00FEFE95 /* KHGroupView.swift */; };
		0A0BA7CD2BD9476C00FEFE95 /* KHGroupView.swift in Sources */ = {isa = PBXBuildFile; fileRef = 0A0BA7C92BD9476C00FEFE95 /* KHGroupView.swift */; };
		0A0BA7CE2BD9476C00FEFE95 /* KHGroupRowView.swift in Sources */ = {isa = PBXBuildFile; fileRef = 0A0BA7CA2BD9476C00FEFE95 /* KHGroupRowView.swift */; };
		0A0BA7CF2BD9476C00FEFE95 /* KHGroupRowView.swift in Sources */ = {isa = PBXBuildFile; fileRef = 0A0BA7CA2BD9476C00FEFE95 /* KHGroupRowView.swift */; };
		0A0BA7D02BD9476C00FEFE95 /* KHView.swift in Sources */ = {isa = PBXBuildFile; fileRef = 0A0BA7CB2BD9476C00FEFE95 /* KHView.swift */; };
		0A0BA7D12BD9476C00FEFE95 /* KHView.swift in Sources */ = {isa = PBXBuildFile; fileRef = 0A0BA7CB2BD9476C00FEFE95 /* KHView.swift */; };
		0A0BA7D32BD9517D00FEFE95 /* KHStyle.swift in Sources */ = {isa = PBXBuildFile; fileRef = 0A0BA7D22BD9517D00FEFE95 /* KHStyle.swift */; };
		0A0BA7D42BD9517D00FEFE95 /* KHStyle.swift in Sources */ = {isa = PBXBuildFile; fileRef = 0A0BA7D22BD9517D00FEFE95 /* KHStyle.swift */; };
		0A0BA7D62BD951A400FEFE95 /* KHPalette.swift in Sources */ = {isa = PBXBuildFile; fileRef = 0A0BA7D52BD951A400FEFE95 /* KHPalette.swift */; };
		0A0BA7D72BD951A400FEFE95 /* KHPalette.swift in Sources */ = {isa = PBXBuildFile; fileRef = 0A0BA7D52BD951A400FEFE95 /* KHPalette.swift */; };
		0A0BA7D92BD951C700FEFE95 /* KHTheme.swift in Sources */ = {isa = PBXBuildFile; fileRef = 0A0BA7D82BD951C700FEFE95 /* KHTheme.swift */; };
		0A0BA7DA2BD951C700FEFE95 /* KHTheme.swift in Sources */ = {isa = PBXBuildFile; fileRef = 0A0BA7D82BD951C700FEFE95 /* KHTheme.swift */; };
/* End PBXBuildFile section */

/* Begin PBXContainerItemProxy section */
		0A0BA78A2BD940C800FEFE95 /* PBXContainerItemProxy */ = {
			isa = PBXContainerItemProxy;
			containerPortal = 0A0BA7622BD93F4000FEFE95 /* Project object */;
			proxyType = 1;
			remoteGlobalIDString = 0A0BA7692BD93F4000FEFE95;
			remoteInfo = "homework-img.ly";
		};
/* End PBXContainerItemProxy section */

/* Begin PBXFileReference section */
		0A0BA76A2BD93F4000FEFE95 /* homework-img.ly.app */ = {isa = PBXFileReference; explicitFileType = wrapper.application; includeInIndex = 0; path = "homework-img.ly.app"; sourceTree = BUILT_PRODUCTS_DIR; };
		0A0BA76D2BD93F4000FEFE95 /* homework_img_lyApp.swift */ = {isa = PBXFileReference; lastKnownFileType = sourcecode.swift; path = homework_img_lyApp.swift; sourceTree = "<group>"; };
		0A0BA76F2BD93F4000FEFE95 /* HomeView.swift */ = {isa = PBXFileReference; lastKnownFileType = sourcecode.swift; path = HomeView.swift; sourceTree = "<group>"; };
		0A0BA7712BD93F4100FEFE95 /* Assets.xcassets */ = {isa = PBXFileReference; lastKnownFileType = folder.assetcatalog; path = Assets.xcassets; sourceTree = "<group>"; };
		0A0BA7742BD93F4100FEFE95 /* Preview Assets.xcassets */ = {isa = PBXFileReference; lastKnownFileType = folder.assetcatalog; path = "Preview Assets.xcassets"; sourceTree = "<group>"; };
		0A0BA7862BD940C800FEFE95 /* Tests.xctest */ = {isa = PBXFileReference; explicitFileType = wrapper.cfbundle; includeInIndex = 0; path = Tests.xctest; sourceTree = BUILT_PRODUCTS_DIR; };
		0A0BA7882BD940C800FEFE95 /* Tests.swift */ = {isa = PBXFileReference; lastKnownFileType = sourcecode.swift; path = Tests.swift; sourceTree = "<group>"; };
		0A0BA78F2BD9416500FEFE95 /* KHMainEntry.swift */ = {isa = PBXFileReference; lastKnownFileType = sourcecode.swift; path = KHMainEntry.swift; sourceTree = "<group>"; };
		0A0BA7912BD9418000FEFE95 /* KHDetailsEntry.swift */ = {isa = PBXFileReference; lastKnownFileType = sourcecode.swift; path = KHDetailsEntry.swift; sourceTree = "<group>"; };
		0A0BA7932BD9419A00FEFE95 /* KHContentManager.swift */ = {isa = PBXFileReference; lastKnownFileType = sourcecode.swift; path = KHContentManager.swift; sourceTree = "<group>"; };
		0A0BA7962BD942F500FEFE95 /* KHNetworkMonitor.swift */ = {isa = PBXFileReference; lastKnownFileType = sourcecode.swift; path = KHNetworkMonitor.swift; sourceTree = "<group>"; };
		0A0BA79A2BD9463E00FEFE95 /* tree.json */ = {isa = PBXFileReference; lastKnownFileType = text.json; path = tree.json; sourceTree = "<group>"; };
		0A0BA79D2BD9465700FEFE95 /* details.json */ = {isa = PBXFileReference; lastKnownFileType = text.json; path = details.json; sourceTree = "<group>"; };
		0A0BA7A52BD9472D00FEFE95 /* KHViewHelper.swift */ = {isa = PBXFileReference; fileEncoding = 4; lastKnownFileType = sourcecode.swift; path = KHViewHelper.swift; sourceTree = "<group>"; };
		0A0BA7A82BD9473900FEFE95 /* KHSeparatorConfig.swift */ = {isa = PBXFileReference; fileEncoding = 4; lastKnownFileType = sourcecode.swift; path = KHSeparatorConfig.swift; sourceTree = "<group>"; };
		0A0BA7A92BD9473900FEFE95 /* KHShadowConfig.swift */ = {isa = PBXFileReference; fileEncoding = 4; lastKnownFileType = sourcecode.swift; path = KHShadowConfig.swift; sourceTree = "<group>"; };
		0A0BA7AE2BD9474B00FEFE95 /* KHConfig_Protocol.swift */ = {isa = PBXFileReference; fileEncoding = 4; lastKnownFileType = sourcecode.swift; path = KHConfig_Protocol.swift; sourceTree = "<group>"; };
		0A0BA7AF2BD9474B00FEFE95 /* KHLayout_Listener.swift */ = {isa = PBXFileReference; fileEncoding = 4; lastKnownFileType = sourcecode.swift; path = KHLayout_Listener.swift; sourceTree = "<group>"; };
		0A0BA7B02BD9474B00FEFE95 /* KHView_Editable.swift */ = {isa = PBXFileReference; fileEncoding = 4; lastKnownFileType = sourcecode.swift; path = KHView_Editable.swift; sourceTree = "<group>"; };
		0A0BA7B12BD9474B00FEFE95 /* KHColor_Sensitive.swift */ = {isa = PBXFileReference; fileEncoding = 4; lastKnownFileType = sourcecode.swift; path = KHColor_Sensitive.swift; sourceTree = "<group>"; };
		0A0BA7B22BD9474B00FEFE95 /* KHTheme_Sensitive.swift */ = {isa = PBXFileReference; fileEncoding = 4; lastKnownFileType = sourcecode.swift; path = KHTheme_Sensitive.swift; sourceTree = "<group>"; };
		0A0BA7BD2BD9475600FEFE95 /* UIView+Geometry.swift */ = {isa = PBXFileReference; fileEncoding = 4; lastKnownFileType = sourcecode.swift; path = "UIView+Geometry.swift"; sourceTree = "<group>"; };
		0A0BA7BE2BD9475600FEFE95 /* UIView+Layout.swift */ = {isa = PBXFileReference; fileEncoding = 4; lastKnownFileType = sourcecode.swift; path = "UIView+Layout.swift"; sourceTree = "<group>"; };
		0A0BA7BF2BD9475600FEFE95 /* KHColor+Basic.swift */ = {isa = PBXFileReference; fileEncoding = 4; lastKnownFileType = sourcecode.swift; path = "KHColor+Basic.swift"; sourceTree = "<group>"; };
		0A0BA7C02BD9475600FEFE95 /* KHGeometry.swift */ = {isa = PBXFileReference; fileEncoding = 4; lastKnownFileType = sourcecode.swift; path = KHGeometry.swift; sourceTree = "<group>"; };
		0A0BA7C92BD9476C00FEFE95 /* KHGroupView.swift */ = {isa = PBXFileReference; fileEncoding = 4; lastKnownFileType = sourcecode.swift; path = KHGroupView.swift; sourceTree = "<group>"; };
		0A0BA7CA2BD9476C00FEFE95 /* KHGroupRowView.swift */ = {isa = PBXFileReference; fileEncoding = 4; lastKnownFileType = sourcecode.swift; path = KHGroupRowView.swift; sourceTree = "<group>"; };
		0A0BA7CB2BD9476C00FEFE95 /* KHView.swift */ = {isa = PBXFileReference; fileEncoding = 4; lastKnownFileType = sourcecode.swift; path = KHView.swift; sourceTree = "<group>"; };
		0A0BA7D22BD9517D00FEFE95 /* KHStyle.swift */ = {isa = PBXFileReference; lastKnownFileType = sourcecode.swift; path = KHStyle.swift; sourceTree = "<group>"; };
		0A0BA7D52BD951A400FEFE95 /* KHPalette.swift */ = {isa = PBXFileReference; lastKnownFileType = sourcecode.swift; path = KHPalette.swift; sourceTree = "<group>"; };
		0A0BA7D82BD951C700FEFE95 /* KHTheme.swift */ = {isa = PBXFileReference; lastKnownFileType = sourcecode.swift; path = KHTheme.swift; sourceTree = "<group>"; };
/* End PBXFileReference section */

/* Begin PBXFrameworksBuildPhase section */
		0A0BA7672BD93F4000FEFE95 /* Frameworks */ = {
			isa = PBXFrameworksBuildPhase;
			buildActionMask = 2147483647;
			files = (
			);
			runOnlyForDeploymentPostprocessing = 0;
		};
		0A0BA7832BD940C800FEFE95 /* Frameworks */ = {
			isa = PBXFrameworksBuildPhase;
			buildActionMask = 2147483647;
			files = (
			);
			runOnlyForDeploymentPostprocessing = 0;
		};
/* End PBXFrameworksBuildPhase section */

/* Begin PBXGroup section */
		0A0BA7612BD93F4000FEFE95 = {
			isa = PBXGroup;
			children = (
				0A0BA76C2BD93F4000FEFE95 /* homework-img.ly */,
				0A0BA7872BD940C800FEFE95 /* Tests */,
				0A0BA76B2BD93F4000FEFE95 /* Products */,
			);
			sourceTree = "<group>";
		};
		0A0BA76B2BD93F4000FEFE95 /* Products */ = {
			isa = PBXGroup;
			children = (
				0A0BA76A2BD93F4000FEFE95 /* homework-img.ly.app */,
				0A0BA7862BD940C800FEFE95 /* Tests.xctest */,
			);
			name = Products;
			sourceTree = "<group>";
		};
		0A0BA76C2BD93F4000FEFE95 /* homework-img.ly */ = {
			isa = PBXGroup;
			children = (
				0A0BA77D2BD9400400FEFE95 /* Library */,
				0A0BA77E2BD9400800FEFE95 /* Style */,
				0A0BA77F2BD9400F00FEFE95 /* Model */,
				0A0BA7812BD9402800FEFE95 /* ViewModel */,
				0A0BA7802BD9401600FEFE95 /* UIView */,
				0A0BA77C2BD93FDA00FEFE95 /* View */,
				0A0BA77B2BD93F8F00FEFE95 /* Other */,
				0A0BA7732BD93F4100FEFE95 /* Preview Content */,
			);
			path = "homework-img.ly";
			sourceTree = "<group>";
		};
		0A0BA7732BD93F4100FEFE95 /* Preview Content */ = {
			isa = PBXGroup;
			children = (
				0A0BA7742BD93F4100FEFE95 /* Preview Assets.xcassets */,
			);
			path = "Preview Content";
			sourceTree = "<group>";
		};
		0A0BA77B2BD93F8F00FEFE95 /* Other */ = {
			isa = PBXGroup;
			children = (
				0A0BA7992BD945EA00FEFE95 /* Data */,
				0A0BA76D2BD93F4000FEFE95 /* homework_img_lyApp.swift */,
				0A0BA7712BD93F4100FEFE95 /* Assets.xcassets */,
			);
			path = Other;
			sourceTree = "<group>";
		};
		0A0BA77C2BD93FDA00FEFE95 /* View */ = {
			isa = PBXGroup;
			children = (
				0A0BA76F2BD93F4000FEFE95 /* HomeView.swift */,
			);
			path = View;
			sourceTree = "<group>";
		};
		0A0BA77D2BD9400400FEFE95 /* Library */ = {
			isa = PBXGroup;
			children = (
				0A0BA7A02BD946E800FEFE95 /* Helper */,
				0A0BA7A12BD946F200FEFE95 /* Config */,
				0A0BA7A22BD946FE00FEFE95 /* Protocol */,
				0A0BA7A32BD9470700FEFE95 /* Extension */,
				0A0BA7952BD942E400FEFE95 /* Network */,
				0A0BA7A42BD9471400FEFE95 /* UIView */,
			);
			path = Library;
			sourceTree = "<group>";
		};
		0A0BA77E2BD9400800FEFE95 /* Style */ = {
			isa = PBXGroup;
			children = (
				0A0BA7D22BD9517D00FEFE95 /* KHStyle.swift */,
				0A0BA7D52BD951A400FEFE95 /* KHPalette.swift */,
				0A0BA7D82BD951C700FEFE95 /* KHTheme.swift */,
			);
			path = Style;
			sourceTree = "<group>";
		};
		0A0BA77F2BD9400F00FEFE95 /* Model */ = {
			isa = PBXGroup;
			children = (
				0A0BA78F2BD9416500FEFE95 /* KHMainEntry.swift */,
				0A0BA7912BD9418000FEFE95 /* KHDetailsEntry.swift */,
				0A0BA7932BD9419A00FEFE95 /* KHContentManager.swift */,
			);
			path = Model;
			sourceTree = "<group>";
		};
		0A0BA7802BD9401600FEFE95 /* UIView */ = {
			isa = PBXGroup;
			children = (
			);
			path = UIView;
			sourceTree = "<group>";
		};
		0A0BA7812BD9402800FEFE95 /* ViewModel */ = {
			isa = PBXGroup;
			children = (
			);
			path = ViewModel;
			sourceTree = "<group>";
		};
		0A0BA7872BD940C800FEFE95 /* Tests */ = {
			isa = PBXGroup;
			children = (
				0A0BA7882BD940C800FEFE95 /* Tests.swift */,
			);
			path = Tests;
			sourceTree = "<group>";
		};
		0A0BA7952BD942E400FEFE95 /* Network */ = {
			isa = PBXGroup;
			children = (
				0A0BA7962BD942F500FEFE95 /* KHNetworkMonitor.swift */,
			);
			path = Network;
			sourceTree = "<group>";
		};
		0A0BA7992BD945EA00FEFE95 /* Data */ = {
			isa = PBXGroup;
			children = (
				0A0BA79A2BD9463E00FEFE95 /* tree.json */,
				0A0BA79D2BD9465700FEFE95 /* details.json */,
			);
			path = Data;
			sourceTree = "<group>";
		};
		0A0BA7A02BD946E800FEFE95 /* Helper */ = {
			isa = PBXGroup;
			children = (
				0A0BA7A52BD9472D00FEFE95 /* KHViewHelper.swift */,
			);
			path = Helper;
			sourceTree = "<group>";
		};
		0A0BA7A12BD946F200FEFE95 /* Config */ = {
			isa = PBXGroup;
			children = (
				0A0BA7A82BD9473900FEFE95 /* KHSeparatorConfig.swift */,
				0A0BA7A92BD9473900FEFE95 /* KHShadowConfig.swift */,
			);
			path = Config;
			sourceTree = "<group>";
		};
		0A0BA7A22BD946FE00FEFE95 /* Protocol */ = {
			isa = PBXGroup;
			children = (
				0A0BA7B12BD9474B00FEFE95 /* KHColor_Sensitive.swift */,
				0A0BA7AE2BD9474B00FEFE95 /* KHConfig_Protocol.swift */,
				0A0BA7AF2BD9474B00FEFE95 /* KHLayout_Listener.swift */,
				0A0BA7B22BD9474B00FEFE95 /* KHTheme_Sensitive.swift */,
				0A0BA7B02BD9474B00FEFE95 /* KHView_Editable.swift */,
			);
			path = Protocol;
			sourceTree = "<group>";
		};
		0A0BA7A32BD9470700FEFE95 /* Extension */ = {
			isa = PBXGroup;
			children = (
				0A0BA7BF2BD9475600FEFE95 /* KHColor+Basic.swift */,
				0A0BA7C02BD9475600FEFE95 /* KHGeometry.swift */,
				0A0BA7BD2BD9475600FEFE95 /* UIView+Geometry.swift */,
				0A0BA7BE2BD9475600FEFE95 /* UIView+Layout.swift */,
			);
			path = Extension;
			sourceTree = "<group>";
		};
		0A0BA7A42BD9471400FEFE95 /* UIView */ = {
			isa = PBXGroup;
			children = (
				0A0BA7CA2BD9476C00FEFE95 /* KHGroupRowView.swift */,
				0A0BA7C92BD9476C00FEFE95 /* KHGroupView.swift */,
				0A0BA7CB2BD9476C00FEFE95 /* KHView.swift */,
			);
			path = UIView;
			sourceTree = "<group>";
		};
/* End PBXGroup section */

/* Begin PBXNativeTarget section */
		0A0BA7692BD93F4000FEFE95 /* homework-img.ly */ = {
			isa = PBXNativeTarget;
			buildConfigurationList = 0A0BA7782BD93F4100FEFE95 /* Build configuration list for PBXNativeTarget "homework-img.ly" */;
			buildPhases = (
				0A0BA7662BD93F4000FEFE95 /* Sources */,
				0A0BA7672BD93F4000FEFE95 /* Frameworks */,
				0A0BA7682BD93F4000FEFE95 /* Resources */,
			);
			buildRules = (
			);
			dependencies = (
			);
			name = "homework-img.ly";
			productName = "homework-img.ly";
			productReference = 0A0BA76A2BD93F4000FEFE95 /* homework-img.ly.app */;
			productType = "com.apple.product-type.application";
		};
		0A0BA7852BD940C800FEFE95 /* Tests */ = {
			isa = PBXNativeTarget;
			buildConfigurationList = 0A0BA78C2BD940C800FEFE95 /* Build configuration list for PBXNativeTarget "Tests" */;
			buildPhases = (
				0A0BA7822BD940C800FEFE95 /* Sources */,
				0A0BA7832BD940C800FEFE95 /* Frameworks */,
				0A0BA7842BD940C800FEFE95 /* Resources */,
			);
			buildRules = (
			);
			dependencies = (
				0A0BA78B2BD940C800FEFE95 /* PBXTargetDependency */,
			);
			name = Tests;
			productName = Tests;
			productReference = 0A0BA7862BD940C800FEFE95 /* Tests.xctest */;
			productType = "com.apple.product-type.bundle.unit-test";
		};
/* End PBXNativeTarget section */

/* Begin PBXProject section */
		0A0BA7622BD93F4000FEFE95 /* Project object */ = {
			isa = PBXProject;
			attributes = {
				BuildIndependentTargetsInParallel = 1;
				LastSwiftUpdateCheck = 1510;
				LastUpgradeCheck = 1510;
				TargetAttributes = {
					0A0BA7692BD93F4000FEFE95 = {
						CreatedOnToolsVersion = 15.1;
					};
					0A0BA7852BD940C800FEFE95 = {
						CreatedOnToolsVersion = 15.1;
						TestTargetID = 0A0BA7692BD93F4000FEFE95;
					};
				};
			};
			buildConfigurationList = 0A0BA7652BD93F4000FEFE95 /* Build configuration list for PBXProject "homework-img.ly" */;
			compatibilityVersion = "Xcode 14.0";
			developmentRegion = en;
			hasScannedForEncodings = 0;
			knownRegions = (
				en,
				Base,
			);
			mainGroup = 0A0BA7612BD93F4000FEFE95;
			productRefGroup = 0A0BA76B2BD93F4000FEFE95 /* Products */;
			projectDirPath = "";
			projectRoot = "";
			targets = (
				0A0BA7692BD93F4000FEFE95 /* homework-img.ly */,
				0A0BA7852BD940C800FEFE95 /* Tests */,
			);
		};
/* End PBXProject section */

/* Begin PBXResourcesBuildPhase section */
		0A0BA7682BD93F4000FEFE95 /* Resources */ = {
			isa = PBXResourcesBuildPhase;
			buildActionMask = 2147483647;
			files = (
				0A0BA7752BD93F4100FEFE95 /* Preview Assets.xcassets in Resources */,
				0A0BA7722BD93F4100FEFE95 /* Assets.xcassets in Resources */,
				0A0BA79E2BD9465700FEFE95 /* details.json in Resources */,
				0A0BA79B2BD9463E00FEFE95 /* tree.json in Resources */,
			);
			runOnlyForDeploymentPostprocessing = 0;
		};
		0A0BA7842BD940C800FEFE95 /* Resources */ = {
			isa = PBXResourcesBuildPhase;
			buildActionMask = 2147483647;
			files = (
				0A0BA79F2BD9465700FEFE95 /* details.json in Resources */,
				0A0BA79C2BD9463E00FEFE95 /* tree.json in Resources */,
			);
			runOnlyForDeploymentPostprocessing = 0;
		};
/* End PBXResourcesBuildPhase section */

/* Begin PBXSourcesBuildPhase section */
		0A0BA7662BD93F4000FEFE95 /* Sources */ = {
			isa = PBXSourcesBuildPhase;
			buildActionMask = 2147483647;
			files = (
				0A0BA7C32BD9475600FEFE95 /* UIView+Layout.swift in Sources */,
				0A0BA7AC2BD9473900FEFE95 /* KHShadowConfig.swift in Sources */,
				0A0BA7972BD942F500FEFE95 /* KHNetworkMonitor.swift in Sources */,
				0A0BA7902BD9416500FEFE95 /* KHMainEntry.swift in Sources */,
				0A0BA7A62BD9472D00FEFE95 /* KHViewHelper.swift in Sources */,
				0A0BA7702BD93F4000FEFE95 /* HomeView.swift in Sources */,
				0A0BA7CC2BD9476C00FEFE95 /* KHGroupView.swift in Sources */,
				0A0BA7B52BD9474B00FEFE95 /* KHLayout_Listener.swift in Sources */,
				0A0BA7AA2BD9473900FEFE95 /* KHSeparatorConfig.swift in Sources */,
				0A0BA7922BD9418000FEFE95 /* KHDetailsEntry.swift in Sources */,
				0A0BA7D62BD951A400FEFE95 /* KHPalette.swift in Sources */,
				0A0BA7D32BD9517D00FEFE95 /* KHStyle.swift in Sources */,
				0A0BA7CE2BD9476C00FEFE95 /* KHGroupRowView.swift in Sources */,
				0A0BA7B92BD9474B00FEFE95 /* KHColor_Sensitive.swift in Sources */,
				0A0BA7C52BD9475600FEFE95 /* KHColor+Basic.swift in Sources */,
				0A0BA7BB2BD9474B00FEFE95 /* KHTheme_Sensitive.swift in Sources */,
				0A0BA7C72BD9475600FEFE95 /* KHGeometry.swift in Sources */,
				0A0BA76E2BD93F4000FEFE95 /* homework_img_lyApp.swift in Sources */,
				0A0BA7B32BD9474B00FEFE95 /* KHConfig_Protocol.swift in Sources */,
				0A0BA7942BD9419A00FEFE95 /* KHContentManager.swift in Sources */,
				0A0BA7D02BD9476C00FEFE95 /* KHView.swift in Sources */,
				0A0BA7C12BD9475600FEFE95 /* UIView+Geometry.swift in Sources */,
				0A0BA7D92BD951C700FEFE95 /* KHTheme.swift in Sources */,
				0A0BA7B72BD9474B00FEFE95 /* KHView_Editable.swift in Sources */,
			);
			runOnlyForDeploymentPostprocessing = 0;
		};
		0A0BA7822BD940C800FEFE95 /* Sources */ = {
			isa = PBXSourcesBuildPhase;
			buildActionMask = 2147483647;
			files = (
				0A0BA7B42BD9474B00FEFE95 /* KHConfig_Protocol.swift in Sources */,
				0A0BA7BC2BD9474B00FEFE95 /* KHTheme_Sensitive.swift in Sources */,
				0A0BA7CF2BD9476C00FEFE95 /* KHGroupRowView.swift in Sources */,
				0A0BA7AB2BD9473900FEFE95 /* KHSeparatorConfig.swift in Sources */,
				0A0BA7A72BD9472D00FEFE95 /* KHViewHelper.swift in Sources */,
				0A0BA7982BD942F500FEFE95 /* KHNetworkMonitor.swift in Sources */,
				0A0BA7DA2BD951C700FEFE95 /* KHTheme.swift in Sources */,
				0A0BA7D42BD9517D00FEFE95 /* KHStyle.swift in Sources */,
				0A0BA7892BD940C800FEFE95 /* Tests.swift in Sources */,
				0A0BA7C62BD9475600FEFE95 /* KHColor+Basic.swift in Sources */,
				0A0BA7CD2BD9476C00FEFE95 /* KHGroupView.swift in Sources */,
				0A0BA7BA2BD9474B00FEFE95 /* KHColor_Sensitive.swift in Sources */,
				0A0BA7B62BD9474B00FEFE95 /* KHLayout_Listener.swift in Sources */,
				0A0BA7D72BD951A400FEFE95 /* KHPalette.swift in Sources */,
				0A0BA7C42BD9475600FEFE95 /* UIView+Layout.swift in Sources */,
				0A0BA7C82BD9475600FEFE95 /* KHGeometry.swift in Sources */,
				0A0BA7C22BD9475600FEFE95 /* UIView+Geometry.swift in Sources */,
				0A0BA7AD2BD9473900FEFE95 /* KHShadowConfig.swift in Sources */,
				0A0BA7D12BD9476C00FEFE95 /* KHView.swift in Sources */,
				0A0BA7B82BD9474B00FEFE95 /* KHView_Editable.swift in Sources */,
			);
			runOnlyForDeploymentPostprocessing = 0;
		};
/* End PBXSourcesBuildPhase section */

/* Begin PBXTargetDependency section */
		0A0BA78B2BD940C800FEFE95 /* PBXTargetDependency */ = {
			isa = PBXTargetDependency;
			target = 0A0BA7692BD93F4000FEFE95 /* homework-img.ly */;
			targetProxy = 0A0BA78A2BD940C800FEFE95 /* PBXContainerItemProxy */;
		};
/* End PBXTargetDependency section */

/* Begin XCBuildConfiguration section */
		0A0BA7762BD93F4100FEFE95 /* Debug */ = {
			isa = XCBuildConfiguration;
			buildSettings = {
				ALWAYS_SEARCH_USER_PATHS = NO;
				ASSETCATALOG_COMPILER_GENERATE_SWIFT_ASSET_SYMBOL_EXTENSIONS = YES;
				CLANG_ANALYZER_NONNULL = YES;
				CLANG_ANALYZER_NUMBER_OBJECT_CONVERSION = YES_AGGRESSIVE;
				CLANG_CXX_LANGUAGE_STANDARD = "gnu++20";
				CLANG_ENABLE_MODULES = YES;
				CLANG_ENABLE_OBJC_ARC = YES;
				CLANG_ENABLE_OBJC_WEAK = YES;
				CLANG_WARN_BLOCK_CAPTURE_AUTORELEASING = YES;
				CLANG_WARN_BOOL_CONVERSION = YES;
				CLANG_WARN_COMMA = YES;
				CLANG_WARN_CONSTANT_CONVERSION = YES;
				CLANG_WARN_DEPRECATED_OBJC_IMPLEMENTATIONS = YES;
				CLANG_WARN_DIRECT_OBJC_ISA_USAGE = YES_ERROR;
				CLANG_WARN_DOCUMENTATION_COMMENTS = YES;
				CLANG_WARN_EMPTY_BODY = YES;
				CLANG_WARN_ENUM_CONVERSION = YES;
				CLANG_WARN_INFINITE_RECURSION = YES;
				CLANG_WARN_INT_CONVERSION = YES;
				CLANG_WARN_NON_LITERAL_NULL_CONVERSION = YES;
				CLANG_WARN_OBJC_IMPLICIT_RETAIN_SELF = YES;
				CLANG_WARN_OBJC_LITERAL_CONVERSION = YES;
				CLANG_WARN_OBJC_ROOT_CLASS = YES_ERROR;
				CLANG_WARN_QUOTED_INCLUDE_IN_FRAMEWORK_HEADER = YES;
				CLANG_WARN_RANGE_LOOP_ANALYSIS = YES;
				CLANG_WARN_STRICT_PROTOTYPES = YES;
				CLANG_WARN_SUSPICIOUS_MOVE = YES;
				CLANG_WARN_UNGUARDED_AVAILABILITY = YES_AGGRESSIVE;
				CLANG_WARN_UNREACHABLE_CODE = YES;
				CLANG_WARN__DUPLICATE_METHOD_MATCH = YES;
				COPY_PHASE_STRIP = NO;
				DEBUG_INFORMATION_FORMAT = dwarf;
				ENABLE_STRICT_OBJC_MSGSEND = YES;
				ENABLE_TESTABILITY = YES;
				ENABLE_USER_SCRIPT_SANDBOXING = YES;
				GCC_C_LANGUAGE_STANDARD = gnu17;
				GCC_DYNAMIC_NO_PIC = NO;
				GCC_NO_COMMON_BLOCKS = YES;
				GCC_OPTIMIZATION_LEVEL = 0;
				GCC_PREPROCESSOR_DEFINITIONS = (
					"DEBUG=1",
					"$(inherited)",
				);
				GCC_WARN_64_TO_32_BIT_CONVERSION = YES;
				GCC_WARN_ABOUT_RETURN_TYPE = YES_ERROR;
				GCC_WARN_UNDECLARED_SELECTOR = YES;
				GCC_WARN_UNINITIALIZED_AUTOS = YES_AGGRESSIVE;
				GCC_WARN_UNUSED_FUNCTION = YES;
				GCC_WARN_UNUSED_VARIABLE = YES;
				IPHONEOS_DEPLOYMENT_TARGET = 17.2;
				LOCALIZATION_PREFERS_STRING_CATALOGS = YES;
				MTL_ENABLE_DEBUG_INFO = INCLUDE_SOURCE;
				MTL_FAST_MATH = YES;
				ONLY_ACTIVE_ARCH = YES;
				SDKROOT = iphoneos;
				SWIFT_ACTIVE_COMPILATION_CONDITIONS = "DEBUG $(inherited)";
				SWIFT_OPTIMIZATION_LEVEL = "-Onone";
			};
			name = Debug;
		};
		0A0BA7772BD93F4100FEFE95 /* Release */ = {
			isa = XCBuildConfiguration;
			buildSettings = {
				ALWAYS_SEARCH_USER_PATHS = NO;
				ASSETCATALOG_COMPILER_GENERATE_SWIFT_ASSET_SYMBOL_EXTENSIONS = YES;
				CLANG_ANALYZER_NONNULL = YES;
				CLANG_ANALYZER_NUMBER_OBJECT_CONVERSION = YES_AGGRESSIVE;
				CLANG_CXX_LANGUAGE_STANDARD = "gnu++20";
				CLANG_ENABLE_MODULES = YES;
				CLANG_ENABLE_OBJC_ARC = YES;
				CLANG_ENABLE_OBJC_WEAK = YES;
				CLANG_WARN_BLOCK_CAPTURE_AUTORELEASING = YES;
				CLANG_WARN_BOOL_CONVERSION = YES;
				CLANG_WARN_COMMA = YES;
				CLANG_WARN_CONSTANT_CONVERSION = YES;
				CLANG_WARN_DEPRECATED_OBJC_IMPLEMENTATIONS = YES;
				CLANG_WARN_DIRECT_OBJC_ISA_USAGE = YES_ERROR;
				CLANG_WARN_DOCUMENTATION_COMMENTS = YES;
				CLANG_WARN_EMPTY_BODY = YES;
				CLANG_WARN_ENUM_CONVERSION = YES;
				CLANG_WARN_INFINITE_RECURSION = YES;
				CLANG_WARN_INT_CONVERSION = YES;
				CLANG_WARN_NON_LITERAL_NULL_CONVERSION = YES;
				CLANG_WARN_OBJC_IMPLICIT_RETAIN_SELF = YES;
				CLANG_WARN_OBJC_LITERAL_CONVERSION = YES;
				CLANG_WARN_OBJC_ROOT_CLASS = YES_ERROR;
				CLANG_WARN_QUOTED_INCLUDE_IN_FRAMEWORK_HEADER = YES;
				CLANG_WARN_RANGE_LOOP_ANALYSIS = YES;
				CLANG_WARN_STRICT_PROTOTYPES = YES;
				CLANG_WARN_SUSPICIOUS_MOVE = YES;
				CLANG_WARN_UNGUARDED_AVAILABILITY = YES_AGGRESSIVE;
				CLANG_WARN_UNREACHABLE_CODE = YES;
				CLANG_WARN__DUPLICATE_METHOD_MATCH = YES;
				COPY_PHASE_STRIP = NO;
				DEBUG_INFORMATION_FORMAT = "dwarf-with-dsym";
				ENABLE_NS_ASSERTIONS = NO;
				ENABLE_STRICT_OBJC_MSGSEND = YES;
				ENABLE_USER_SCRIPT_SANDBOXING = YES;
				GCC_C_LANGUAGE_STANDARD = gnu17;
				GCC_NO_COMMON_BLOCKS = YES;
				GCC_WARN_64_TO_32_BIT_CONVERSION = YES;
				GCC_WARN_ABOUT_RETURN_TYPE = YES_ERROR;
				GCC_WARN_UNDECLARED_SELECTOR = YES;
				GCC_WARN_UNINITIALIZED_AUTOS = YES_AGGRESSIVE;
				GCC_WARN_UNUSED_FUNCTION = YES;
				GCC_WARN_UNUSED_VARIABLE = YES;
				IPHONEOS_DEPLOYMENT_TARGET = 17.2;
				LOCALIZATION_PREFERS_STRING_CATALOGS = YES;
				MTL_ENABLE_DEBUG_INFO = NO;
				MTL_FAST_MATH = YES;
				SDKROOT = iphoneos;
				SWIFT_COMPILATION_MODE = wholemodule;
				VALIDATE_PRODUCT = YES;
			};
			name = Release;
		};
		0A0BA7792BD93F4100FEFE95 /* Debug */ = {
			isa = XCBuildConfiguration;
			buildSettings = {
				ASSETCATALOG_COMPILER_APPICON_NAME = AppIcon;
				ASSETCATALOG_COMPILER_GLOBAL_ACCENT_COLOR_NAME = AccentColor;
				CODE_SIGN_STYLE = Automatic;
				CURRENT_PROJECT_VERSION = 1;
				DEVELOPMENT_ASSET_PATHS = "\"homework-img.ly/Preview Content\"";
				DEVELOPMENT_TEAM = 52R4QG4H2B;
				ENABLE_PREVIEWS = YES;
				GENERATE_INFOPLIST_FILE = YES;
				INFOPLIST_KEY_UIApplicationSceneManifest_Generation = YES;
				INFOPLIST_KEY_UIApplicationSupportsIndirectInputEvents = YES;
				INFOPLIST_KEY_UILaunchScreen_Generation = YES;
				INFOPLIST_KEY_UISupportedInterfaceOrientations_iPad = "UIInterfaceOrientationPortrait UIInterfaceOrientationPortraitUpsideDown UIInterfaceOrientationLandscapeLeft UIInterfaceOrientationLandscapeRight";
				INFOPLIST_KEY_UISupportedInterfaceOrientations_iPhone = "UIInterfaceOrientationPortrait UIInterfaceOrientationLandscapeLeft UIInterfaceOrientationLandscapeRight";
				INFOPLIST_KEY_UIUserInterfaceStyle = Light;
				LD_RUNPATH_SEARCH_PATHS = (
					"$(inherited)",
					"@executable_path/Frameworks",
				);
				MARKETING_VERSION = 1.0;
				PRODUCT_BUNDLE_IDENTIFIER = "com.khuala.homework-img-ly";
				PRODUCT_NAME = "$(TARGET_NAME)";
				SWIFT_EMIT_LOC_STRINGS = YES;
				SWIFT_VERSION = 5.0;
				TARGETED_DEVICE_FAMILY = "1,2";
			};
			name = Debug;
		};
		0A0BA77A2BD93F4100FEFE95 /* Release */ = {
			isa = XCBuildConfiguration;
			buildSettings = {
				ASSETCATALOG_COMPILER_APPICON_NAME = AppIcon;
				ASSETCATALOG_COMPILER_GLOBAL_ACCENT_COLOR_NAME = AccentColor;
				CODE_SIGN_STYLE = Automatic;
				CURRENT_PROJECT_VERSION = 1;
				DEVELOPMENT_ASSET_PATHS = "\"homework-img.ly/Preview Content\"";
				DEVELOPMENT_TEAM = 52R4QG4H2B;
				ENABLE_PREVIEWS = YES;
				GENERATE_INFOPLIST_FILE = YES;
				INFOPLIST_KEY_UIApplicationSceneManifest_Generation = YES;
				INFOPLIST_KEY_UIApplicationSupportsIndirectInputEvents = YES;
				INFOPLIST_KEY_UILaunchScreen_Generation = YES;
				INFOPLIST_KEY_UISupportedInterfaceOrientations_iPad = "UIInterfaceOrientationPortrait UIInterfaceOrientationPortraitUpsideDown UIInterfaceOrientationLandscapeLeft UIInterfaceOrientationLandscapeRight";
				INFOPLIST_KEY_UISupportedInterfaceOrientations_iPhone = "UIInterfaceOrientationPortrait UIInterfaceOrientationLandscapeLeft UIInterfaceOrientationLandscapeRight";
				INFOPLIST_KEY_UIUserInterfaceStyle = Light;
				LD_RUNPATH_SEARCH_PATHS = (
					"$(inherited)",
					"@executable_path/Frameworks",
				);
				MARKETING_VERSION = 1.0;
				PRODUCT_BUNDLE_IDENTIFIER = "com.khuala.homework-img-ly";
				PRODUCT_NAME = "$(TARGET_NAME)";
				SWIFT_EMIT_LOC_STRINGS = YES;
				SWIFT_VERSION = 5.0;
				TARGETED_DEVICE_FAMILY = "1,2";
			};
			name = Release;
		};
		0A0BA78D2BD940C800FEFE95 /* Debug */ = {
			isa = XCBuildConfiguration;
			buildSettings = {
				BUNDLE_LOADER = "$(TEST_HOST)";
				CODE_SIGN_STYLE = Automatic;
				CURRENT_PROJECT_VERSION = 1;
				DEVELOPMENT_TEAM = 52R4QG4H2B;
				GENERATE_INFOPLIST_FILE = YES;
				IPHONEOS_DEPLOYMENT_TARGET = 17.2;
				MACOSX_DEPLOYMENT_TARGET = 14.2;
				MARKETING_VERSION = 1.0;
				PRODUCT_BUNDLE_IDENTIFIER = com.khuala.Tests;
				PRODUCT_NAME = "$(TARGET_NAME)";
				SDKROOT = auto;
				SUPPORTED_PLATFORMS = "iphoneos iphonesimulator macosx";
				SWIFT_EMIT_LOC_STRINGS = NO;
				SWIFT_VERSION = 5.0;
				TARGETED_DEVICE_FAMILY = "1,2";
				TEST_HOST = "$(BUILT_PRODUCTS_DIR)/homework-img.ly.app/$(BUNDLE_EXECUTABLE_FOLDER_PATH)/homework-img.ly";
			};
			name = Debug;
		};
		0A0BA78E2BD940C800FEFE95 /* Release */ = {
			isa = XCBuildConfiguration;
			buildSettings = {
				BUNDLE_LOADER = "$(TEST_HOST)";
				CODE_SIGN_STYLE = Automatic;
				CURRENT_PROJECT_VERSION = 1;
				DEVELOPMENT_TEAM = 52R4QG4H2B;
				GENERATE_INFOPLIST_FILE = YES;
				IPHONEOS_DEPLOYMENT_TARGET = 17.2;
				MACOSX_DEPLOYMENT_TARGET = 14.2;
				MARKETING_VERSION = 1.0;
				PRODUCT_BUNDLE_IDENTIFIER = com.khuala.Tests;
				PRODUCT_NAME = "$(TARGET_NAME)";
				SDKROOT = auto;
				SUPPORTED_PLATFORMS = "iphoneos iphonesimulator macosx";
				SWIFT_EMIT_LOC_STRINGS = NO;
				SWIFT_VERSION = 5.0;
				TARGETED_DEVICE_FAMILY = "1,2";
				TEST_HOST = "$(BUILT_PRODUCTS_DIR)/homework-img.ly.app/$(BUNDLE_EXECUTABLE_FOLDER_PATH)/homework-img.ly";
			};
			name = Release;
		};
/* End XCBuildConfiguration section */

/* Begin XCConfigurationList section */
		0A0BA7652BD93F4000FEFE95 /* Build configuration list for PBXProject "homework-img.ly" */ = {
			isa = XCConfigurationList;
			buildConfigurations = (
				0A0BA7762BD93F4100FEFE95 /* Debug */,
				0A0BA7772BD93F4100FEFE95 /* Release */,
			);
			defaultConfigurationIsVisible = 0;
			defaultConfigurationName = Release;
		};
		0A0BA7782BD93F4100FEFE95 /* Build configuration list for PBXNativeTarget "homework-img.ly" */ = {
			isa = XCConfigurationList;
			buildConfigurations = (
				0A0BA7792BD93F4100FEFE95 /* Debug */,
				0A0BA77A2BD93F4100FEFE95 /* Release */,
			);
			defaultConfigurationIsVisible = 0;
			defaultConfigurationName = Release;
		};
		0A0BA78C2BD940C800FEFE95 /* Build configuration list for PBXNativeTarget "Tests" */ = {
			isa = XCConfigurationList;
			buildConfigurations = (
				0A0BA78D2BD940C800FEFE95 /* Debug */,
				0A0BA78E2BD940C800FEFE95 /* Release */,
			);
			defaultConfigurationIsVisible = 0;
			defaultConfigurationName = Release;
		};
/* End XCConfigurationList section */
	};
	rootObject = 0A0BA7622BD93F4000FEFE95 /* Project object */;
}
